
Microsoft Visual Studio Solution File, Format Version 12.00
# Visual Studio Version 17
VisualStudioVersion = 17.14.36221.1
MinimumVisualStudioVersion = 10.0.40219.1
Project("{FAE04EC0-301F-11D3-BF4B-00C04F79EFBC}") = "ProductAPI", "ApiExemplo\ProductAPI.csproj", "{87FFD7BA-761B-4756-85B8-D65777E251E7}"
EndProject
Global
	GlobalSection(SolutionConfigurationPlatforms) = preSolution
		Debug|Any CPU = Debug|Any CPU
		Release|Any CPU = Release|Any CPU
	EndGlobalSection
	GlobalSection(ProjectConfigurationPlatforms) = postSolution
		{87FFD7BA-761B-4756-85B8-D65777E251E7}.Debug|Any CPU.ActiveCfg = Debug|Any CPU
		{87FFD7BA-761B-4756-85B8-D65777E251E7}.Debug|Any CPU.Build.0 = Debug|Any CPU
		{87FFD7BA-761B-4756-85B8-D65777E251E7}.Release|Any CPU.ActiveCfg = Release|Any CPU
		{87FFD7BA-761B-4756-85B8-D65777E251E7}.Release|Any CPU.Build.0 = Release|Any CPU
	EndGlobalSection
	GlobalSection(SolutionProperties) = preSolution
		HideSolutionNode = FALSE
	EndGlobalSection
	GlobalSection(ExtensibilityGlobals) = postSolution
		SolutionGuid = {56E1247F-8C54-4870-A126-6D61DAF193B4}
	EndGlobalSection
EndGlobal
